
Microsoft Visual Studio Solution File, Format Version 12.00
# Visual Studio 15
Project("{FAE04EC0-301F-11D3-BF4B-00C04F79EFBC}") = "Assembly-CSharp", "Assembly-CSharp.csproj", "{820A4B4E-580A-67DC-FB20-7F89D433532C}"
EndProject
Project("{FAE04EC0-301F-11D3-BF4B-00C04F79EFBC}") = "Assembly-CSharp-Editor", "Assembly-CSharp-Editor.csproj", "{9FF5B3A4-6B9B-838D-1E27-7F099C9B1C43}"
EndProject
Project("{FAE04EC0-301F-11D3-BF4B-00C04F79EFBC}") = "URPWizard", "URPWizard.csproj", "{B4607163-7146-1EAB-482E-E8FB2B9D91A2}"
EndProject
Global
	GlobalSection(SolutionConfigurationPlatforms) = preSolution
		Debug|Any CPU = Debug|Any CPU
		Release|Any CPU = Release|Any CPU
	EndGlobalSection
	GlobalSection(ProjectConfigurationPlatforms) = postSolution
		{820A4B4E-580A-67DC-FB20-7F89D433532C}.Debug|Any CPU.ActiveCfg = Debug|Any CPU
		{820A4B4E-580A-67DC-FB20-7F89D433532C}.Debug|Any CPU.Build.0 = Debug|Any CPU
		{820A4B4E-580A-67DC-FB20-7F89D433532C}.Release|Any CPU.ActiveCfg = Release|Any CPU
		{820A4B4E-580A-67DC-FB20-7F89D433532C}.Release|Any CPU.Build.0 = Release|Any CPU
		{9FF5B3A4-6B9B-838D-1E27-7F099C9B1C43}.Debug|Any CPU.ActiveCfg = Debug|Any CPU
		{9FF5B3A4-6B9B-838D-1E27-7F099C9B1C43}.Debug|Any CPU.Build.0 = Debug|Any CPU
		{9FF5B3A4-6B9B-838D-1E27-7F099C9B1C43}.Release|Any CPU.ActiveCfg = Release|Any CPU
		{9FF5B3A4-6B9B-838D-1E27-7F099C9B1C43}.Release|Any CPU.Build.0 = Release|Any CPU
		{B4607163-7146-1EAB-482E-E8FB2B9D91A2}.Debug|Any CPU.ActiveCfg = Debug|Any CPU
		{B4607163-7146-1EAB-482E-E8FB2B9D91A2}.Debug|Any CPU.Build.0 = Debug|Any CPU
		{B4607163-7146-1EAB-482E-E8FB2B9D91A2}.Release|Any CPU.ActiveCfg = Release|Any CPU
		{B4607163-7146-1EAB-482E-E8FB2B9D91A2}.Release|Any CPU.Build.0 = Release|Any CPU
	EndGlobalSection
	GlobalSection(SolutionProperties) = preSolution
		HideSolutionNode = FALSE
	EndGlobalSection
EndGlobal
